<?xml version="1.0" encoding="utf-8"?>
<Project ToolsVersion="4.0" xmlns="http://schemas.microsoft.com/developer/msbuild/2003">
  <ItemGroup>
    <Filter Include="Source Files">
      <UniqueIdentifier>{4FC737F1-C7A5-4376-A066-2A32D752A2FF}</UniqueIdentifier>
      <Extensions>cpp;c;cc;cxx;c++;cppm;ixx;def;odl;idl;hpj;bat;asm;asmx</Extensions>
    </Filter>
    <Filter Include="Game Framework">
      <UniqueIdentifier>{93995380-89BD-4b04-88EB-625FBE52EBFB}</UniqueIdentifier>
      <Extensions>h;hh;hpp;hxx;h++;hm;inl;inc;ipp;xsd</Extensions>
    </Filter>
    <Filter Include="Game Framework\Debug">
      <UniqueIdentifier>{e33dc946-c839-4c86-b595-dfd12d323f1e}</UniqueIdentifier>
    </Filter>
    <Filter Include="Header Files">
      <UniqueIdentifier>{7aa3ce52-061a-456e-b5b5-f3433cbb9100}</UniqueIdentifier>
    </Filter>
    <Filter Include="Game Framework\Texture">
      <UniqueIdentifier>{38c98c51-ec29-401e-8f78-3e5bc5201b58}</UniqueIdentifier>
    </Filter>
    <Filter Include="Game Framework\Sprite">
      <UniqueIdentifier>{f8f13a18-2ecb-4acb-9922-ac4098cc854d}</UniqueIdentifier>
    </Filter>
    <Filter Include="Game Framework\Animation">
      <UniqueIdentifier>{cd8ace4c-431c-4e95-b4c9-2d6bd344ae69}</UniqueIdentifier>
    </Filter>
    <Filter Include="Game Framework\GameObject">
      <UniqueIdentifier>{e90f2c0f-033e-4a26-abbc-ef97683dd1a1}</UniqueIdentifier>
    </Filter>
    <Filter Include="Header Files\Characters &amp; Objects">
      <UniqueIdentifier>{7dacd802-8573-42a5-ba39-a57c87d9ac0a}</UniqueIdentifier>
    </Filter>
    <Filter Include="Game Framework\Collision">
      <UniqueIdentifier>{2a197516-8380-4279-a156-6936daef10b1}</UniqueIdentifier>
    </Filter>
    <Filter Include="Game Framework\Portal">
      <UniqueIdentifier>{ab19215c-5e7f-4087-9c85-c6dfa06f090e}</UniqueIdentifier>
    </Filter>
    <Filter Include="Source Files\Characters &amp; Objects">
      <UniqueIdentifier>{6d9ee43f-bc4e-490c-bb3a-c265a581cf7a}</UniqueIdentifier>
    </Filter>
    <Filter Include="Game Framework\Platform">
      <UniqueIdentifier>{7cef536a-9c9e-4966-a7f4-a9358c4887d8}</UniqueIdentifier>
    </Filter>
    <Filter Include="Game Framework\Scene">
      <UniqueIdentifier>{895ab9ab-1ce6-444e-94bb-f396cb343820}</UniqueIdentifier>
    </Filter>
    <Filter Include="Game Framework\Input">
      <UniqueIdentifier>{15d85812-4bd8-4d80-995b-df60f08ca608}</UniqueIdentifier>
    </Filter>
    <Filter Include="Game Framework\Utils">
      <UniqueIdentifier>{1085143f-5029-48a6-a4fb-48402c7eef57}</UniqueIdentifier>
    </Filter>
    <Filter Include="Game Framework\MapHandler">
      <UniqueIdentifier>{85536942-e84c-4d14-a603-f6726291e122}</UniqueIdentifier>
    </Filter>
    <Filter Include="Game Framework\MapHandler\GameMap">
      <UniqueIdentifier>{9e23c9ed-1142-4cf0-8268-761325b84938}</UniqueIdentifier>
    </Filter>
    <Filter Include="Game Framework\MapHandler\GameMaps">
      <UniqueIdentifier>{f6bec028-4410-4f16-9f37-71292ee4ed4c}</UniqueIdentifier>
    </Filter>
    <Filter Include="Game Framework\MapHandler\Tile">
      <UniqueIdentifier>{84d4da3f-903b-478a-a896-0eec9e846b71}</UniqueIdentifier>
    </Filter>
    <Filter Include="Game Framework\MapHandler\Tiles">
      <UniqueIdentifier>{c6e4b9e7-087c-491b-bce8-170475058d1e}</UniqueIdentifier>
    </Filter>
    <Filter Include="Resources">
      <UniqueIdentifier>{67DA6AB6-F800-4c08-8B7A-83BB121AAD01}</UniqueIdentifier>
      <Extensions>rc;ico;cur;bmp;dlg;rc2;rct;bin;rgs;gif;jpg;jpeg;jpe;resx;tiff;tif;png;wav;mfcribbon-ms</Extensions>
    </Filter>
    <Filter Include="Game Framework\Camera">
      <UniqueIdentifier>{eab73161-05f6-443d-ba5c-d94363d1c6c5}</UniqueIdentifier>
    </Filter>
  </ItemGroup>
  <ItemGroup>
    <None Include="packages.config" />
  </ItemGroup>
  <ItemGroup>
    <ClCompile Include="main.cpp">
      <Filter>Source Files</Filter>
    </ClCompile>
    <ClCompile Include="Game.cpp">
      <Filter>Source Files</Filter>
    </ClCompile>
    <ClCompile Include="Animation.cpp">
      <Filter>Game Framework\Animation</Filter>
    </ClCompile>
    <ClCompile Include="Animations.cpp">
      <Filter>Game Framework\Animation</Filter>
    </ClCompile>
    <ClCompile Include="Sprites.cpp">
      <Filter>Game Framework\Sprite</Filter>
    </ClCompile>
    <ClCompile Include="Sprite.cpp">
      <Filter>Game Framework\Sprite</Filter>
    </ClCompile>
    <ClCompile Include="Debug.cpp">
      <Filter>Game Framework\Debug</Filter>
    </ClCompile>
    <ClCompile Include="GameObject.cpp">
      <Filter>Game Framework\GameObject</Filter>
    </ClCompile>
    <ClCompile Include="Textures.cpp">
      <Filter>Game Framework\Texture</Filter>
    </ClCompile>
    <ClCompile Include="Collision.cpp">
      <Filter>Game Framework\Collision</Filter>
    </ClCompile>
    <ClCompile Include="Portal.cpp">
      <Filter>Game Framework\Portal</Filter>
    </ClCompile>
    <ClCompile Include="Brick.cpp">
      <Filter>Source Files\Characters &amp; Objects</Filter>
    </ClCompile>
    <ClCompile Include="Coin.cpp">
      <Filter>Source Files\Characters &amp; Objects</Filter>
    </ClCompile>
    <ClCompile Include="Goomba.cpp">
      <Filter>Source Files\Characters &amp; Objects</Filter>
    </ClCompile>
    <ClCompile Include="Mario.cpp">
      <Filter>Source Files\Characters &amp; Objects</Filter>
    </ClCompile>
    <ClCompile Include="Platform.cpp">
      <Filter>Game Framework\Platform</Filter>
    </ClCompile>
    <ClCompile Include="Scene.cpp">
      <Filter>Game Framework\Scene</Filter>
    </ClCompile>
    <ClCompile Include="PlayScene.cpp">
      <Filter>Game Framework\Scene</Filter>
    </ClCompile>
    <ClCompile Include="SampleKeyEventHandler.cpp">
      <Filter>Game Framework\Input</Filter>
    </ClCompile>
    <ClCompile Include="Utils.cpp">
      <Filter>Game Framework\Utils</Filter>
    </ClCompile>
    <ClCompile Include="GameMap.cpp">
      <Filter>Game Framework\MapHandler\GameMap</Filter>
    </ClCompile>
    <ClCompile Include="Tile.cpp">
      <Filter>Game Framework\MapHandler\Tile</Filter>
    </ClCompile>
    <ClCompile Include="Tiles.cpp">
      <Filter>Game Framework\MapHandler\Tiles</Filter>
    </ClCompile>
    <ClCompile Include="GameMaps.cpp">
      <Filter>Game Framework\MapHandler\GameMaps</Filter>
    </ClCompile>
    <ClCompile Include="Camera.cpp">
      <Filter>Game Framework\Camera</Filter>
    </ClCompile>
    <ClCompile Include="QuestionBlock.cpp">
      <Filter>Source Files\Characters &amp; Objects</Filter>
    </ClCompile>
    <ClCompile Include="Mushroom.cpp">
      <Filter>Source Files\Characters &amp; Objects</Filter>
    </ClCompile>
  </ItemGroup>
  <ItemGroup>
    <ClInclude Include="AssetIDs.h">
      <Filter>Header Files</Filter>
    </ClInclude>
    <ClInclude Include="Game.h">
      <Filter>Header Files</Filter>
    </ClInclude>
    <ClInclude Include="Animation.h">
      <Filter>Game Framework\Animation</Filter>
    </ClInclude>
    <ClInclude Include="AnimationFrame.h">
      <Filter>Game Framework\Animation</Filter>
    </ClInclude>
    <ClInclude Include="Animations.h">
      <Filter>Game Framework\Animation</Filter>
    </ClInclude>
    <ClInclude Include="Brick.h">
      <Filter>Header Files\Characters &amp; Objects</Filter>
    </ClInclude>
    <ClInclude Include="Goomba.h">
      <Filter>Header Files\Characters &amp; Objects</Filter>
    </ClInclude>
    <ClInclude Include="Mario.h">
      <Filter>Header Files\Characters &amp; Objects</Filter>
    </ClInclude>
    <ClInclude Include="Sprite.h">
      <Filter>Game Framework\Sprite</Filter>
    </ClInclude>
    <ClInclude Include="Sprites.h">
      <Filter>Game Framework\Sprite</Filter>
    </ClInclude>
    <ClInclude Include="Debug.h">
      <Filter>Game Framework\Debug</Filter>
    </ClInclude>
    <ClInclude Include="GameObject.h">
      <Filter>Game Framework\GameObject</Filter>
    </ClInclude>
    <ClInclude Include="Texture.h">
      <Filter>Game Framework\Texture</Filter>
    </ClInclude>
    <ClInclude Include="Textures.h">
      <Filter>Game Framework\Texture</Filter>
    </ClInclude>
    <ClInclude Include="Collision.h">
      <Filter>Game Framework\Collision</Filter>
    </ClInclude>
    <ClInclude Include="Coin.h">
      <Filter>Header Files\Characters &amp; Objects</Filter>
    </ClInclude>
    <ClInclude Include="Portal.h">
      <Filter>Game Framework\Portal</Filter>
    </ClInclude>
    <ClInclude Include="Platform.h">
      <Filter>Game Framework\Platform</Filter>
    </ClInclude>
    <ClInclude Include="Scene.h">
      <Filter>Game Framework\Scene</Filter>
    </ClInclude>
    <ClInclude Include="PlayScene.h">
      <Filter>Game Framework\Scene</Filter>
    </ClInclude>
    <ClInclude Include="KeyEventHandler.h">
      <Filter>Game Framework\Input</Filter>
    </ClInclude>
    <ClInclude Include="SampleKeyEventHandler.h">
      <Filter>Game Framework\Input</Filter>
    </ClInclude>
    <ClInclude Include="Utils.h">
      <Filter>Game Framework\Utils</Filter>
    </ClInclude>
    <ClInclude Include="Resources.h">
      <Filter>Header Files</Filter>
    </ClInclude>
    <ClInclude Include="GameMap.h">
      <Filter>Game Framework\MapHandler\GameMap</Filter>
    </ClInclude>
    <ClInclude Include="Tile.h">
      <Filter>Game Framework\MapHandler\Tile</Filter>
    </ClInclude>
    <ClInclude Include="Tiles.h">
      <Filter>Game Framework\MapHandler\Tiles</Filter>
    </ClInclude>
    <ClInclude Include="GameMaps.h">
      <Filter>Game Framework\MapHandler\GameMaps</Filter>
    </ClInclude>
    <ClInclude Include="Camera.h">
      <Filter>Game Framework\Camera</Filter>
    </ClInclude>
    <ClInclude Include="QuestionBlock.h">
      <Filter>Header Files\Characters &amp; Objects</Filter>
    </ClInclude>
    <ClInclude Include="Mushroom.h">
      <Filter>Header Files\Characters &amp; Objects</Filter>
    </ClInclude>
  </ItemGroup>
  <ItemGroup>
    <Text Include="scene0005.txt" />
    <Text Include="scene01.txt" />
    <Text Include="scene02.txt" />
    <Text Include="mario-sample.txt" />
    <Text Include="mario.txt" />
    <Text Include="goomba.txt" />
    <Text Include="brick.txt" />
    <Text Include="cloud.txt" />
    <Text Include="coin.txt" />
    <Text Include="mario - Copy.txt" />
    <Text Include="QuestionBlock.txt" />
  </ItemGroup>
  <ItemGroup>
    <Image Include="Resources\bbox.png">
      <Filter>Resources</Filter>
    </Image>
    <Image Include="Resources\Big_Mario.png">
      <Filter>Resources</Filter>
    </Image>
    <Image Include="Resources\brick.png">
      <Filter>Resources</Filter>
    </Image>
    <Image Include="Resources\enemies.png">
      <Filter>Resources</Filter>
    </Image>
    <Image Include="Resources\mario - Copy.png">
      <Filter>Resources</Filter>
    </Image>
    <Image Include="Resources\mario.png">
      <Filter>Resources</Filter>
    </Image>
    <Image Include="Resources\mario2.png">
      <Filter>Resources</Filter>
    </Image>
    <Image Include="Resources\misc.png">
      <Filter>Resources</Filter>
    </Image>
    <Image Include="Resources\Small_Mario.png">
      <Filter>Resources</Filter>
    </Image>
  </ItemGroup>
</Project>